
Microsoft Visual Studio Solution File, Format Version 12.00
# Visual Studio Version 17
VisualStudioVersion = 17.11.35312.102
MinimumVisualStudioVersion = 10.0.40219.1
Project("{FAE04EC0-301F-11D3-BF4B-00C04F79EFBC}") = "Scuola_WPF", "Scuola_WPF\Scuola_WPF.csproj", "{405A7BB2-E63D-48F4-AAA5-16E9303B74CF}"
EndProject
Global
	GlobalSection(SolutionConfigurationPlatforms) = preSolution
		Debug|Any CPU = Debug|Any CPU
		Release|Any CPU = Release|Any CPU
	EndGlobalSection
	GlobalSection(ProjectConfigurationPlatforms) = postSolution
		{405A7BB2-E63D-48F4-AAA5-16E9303B74CF}.Debug|Any CPU.ActiveCfg = Debug|Any CPU
		{405A7BB2-E63D-48F4-AAA5-16E9303B74CF}.Debug|Any CPU.Build.0 = Debug|Any CPU
		{405A7BB2-E63D-48F4-AAA5-16E9303B74CF}.Release|Any CPU.ActiveCfg = Release|Any CPU
		{405A7BB2-E63D-48F4-AAA5-16E9303B74CF}.Release|Any CPU.Build.0 = Release|Any CPU
	EndGlobalSection
	GlobalSection(SolutionProperties) = preSolution
		HideSolutionNode = FALSE
	EndGlobalSection
	GlobalSection(ExtensibilityGlobals) = postSolution
		SolutionGuid = {BA3BCA05-2391-4F0E-A4D2-E5D8B80A0BDD}
	EndGlobalSection
EndGlobal
