
Microsoft Visual Studio Solution File, Format Version 12.00
# Visual Studio Version 17
VisualStudioVersion = 17.10.35027.167
MinimumVisualStudioVersion = 10.0.40219.1
Project("{9A19103F-16F7-4668-BE54-9A1E7A4F7556}") = "TriathlonAthletes", "TriathlonAthletes.csproj", "{8FBA5134-99CE-4B7D-93D9-2797258EF589}"
EndProject
Project("{9A19103F-16F7-4668-BE54-9A1E7A4F7556}") = "Program", "..\Program\Program.csproj", "{08EA3FAD-154F-44E8-8220-A7774ED526C2}"
EndProject
Project("{9A19103F-16F7-4668-BE54-9A1E7A4F7556}") = "ReadingFile", "..\LetturaFile\ReadingFile.csproj", "{B0AC84E0-4650-4A38-9CB5-6276B42761E7}"
EndProject
Project("{9A19103F-16F7-4668-BE54-9A1E7A4F7556}") = "Tests", "..\Tests\Tests.csproj", "{D5F3CCFB-55A0-481F-A123-C2B0B6BDDC1A}"
EndProject
Global
	GlobalSection(SolutionConfigurationPlatforms) = preSolution
		Debug|Any CPU = Debug|Any CPU
		Release|Any CPU = Release|Any CPU
	EndGlobalSection
	GlobalSection(ProjectConfigurationPlatforms) = postSolution
		{8FBA5134-99CE-4B7D-93D9-2797258EF589}.Debug|Any CPU.ActiveCfg = Debug|Any CPU
		{8FBA5134-99CE-4B7D-93D9-2797258EF589}.Debug|Any CPU.Build.0 = Debug|Any CPU
		{8FBA5134-99CE-4B7D-93D9-2797258EF589}.Release|Any CPU.ActiveCfg = Release|Any CPU
		{8FBA5134-99CE-4B7D-93D9-2797258EF589}.Release|Any CPU.Build.0 = Release|Any CPU
		{08EA3FAD-154F-44E8-8220-A7774ED526C2}.Debug|Any CPU.ActiveCfg = Debug|Any CPU
		{08EA3FAD-154F-44E8-8220-A7774ED526C2}.Debug|Any CPU.Build.0 = Debug|Any CPU
		{08EA3FAD-154F-44E8-8220-A7774ED526C2}.Release|Any CPU.ActiveCfg = Release|Any CPU
		{08EA3FAD-154F-44E8-8220-A7774ED526C2}.Release|Any CPU.Build.0 = Release|Any CPU
		{B0AC84E0-4650-4A38-9CB5-6276B42761E7}.Debug|Any CPU.ActiveCfg = Debug|Any CPU
		{B0AC84E0-4650-4A38-9CB5-6276B42761E7}.Debug|Any CPU.Build.0 = Debug|Any CPU
		{B0AC84E0-4650-4A38-9CB5-6276B42761E7}.Release|Any CPU.ActiveCfg = Release|Any CPU
		{B0AC84E0-4650-4A38-9CB5-6276B42761E7}.Release|Any CPU.Build.0 = Release|Any CPU
		{D5F3CCFB-55A0-481F-A123-C2B0B6BDDC1A}.Debug|Any CPU.ActiveCfg = Debug|Any CPU
		{D5F3CCFB-55A0-481F-A123-C2B0B6BDDC1A}.Debug|Any CPU.Build.0 = Debug|Any CPU
		{D5F3CCFB-55A0-481F-A123-C2B0B6BDDC1A}.Release|Any CPU.ActiveCfg = Release|Any CPU
		{D5F3CCFB-55A0-481F-A123-C2B0B6BDDC1A}.Release|Any CPU.Build.0 = Release|Any CPU
	EndGlobalSection
	GlobalSection(SolutionProperties) = preSolution
		HideSolutionNode = FALSE
	EndGlobalSection
	GlobalSection(ExtensibilityGlobals) = postSolution
		SolutionGuid = {ED7D6A3D-7D31-4B63-B76B-504E0F9CEB8B}
	EndGlobalSection
EndGlobal
